
Microsoft Visual Studio Solution File, Format Version 12.00
# Visual Studio Version 17
VisualStudioVersion = 17.14.36518.9 d17.14
MinimumVisualStudioVersion = 10.0.40219.1
Project("{FAE04EC0-301F-11D3-BF4B-00C04F79EFBC}") = "英文逐語訳", "英文逐語訳.csproj", "{A4F45116-892A-432F-ACF2-CD6602217C97}"
EndProject
Global
	GlobalSection(SolutionConfigurationPlatforms) = preSolution
		Debug|Any CPU = Debug|Any CPU
		Release|Any CPU = Release|Any CPU
	EndGlobalSection
	GlobalSection(ProjectConfigurationPlatforms) = postSolution
		{A4F45116-892A-432F-ACF2-CD6602217C97}.Debug|Any CPU.ActiveCfg = Debug|Any CPU
		{A4F45116-892A-432F-ACF2-CD6602217C97}.Debug|Any CPU.Build.0 = Debug|Any CPU
		{A4F45116-892A-432F-ACF2-CD6602217C97}.Release|Any CPU.ActiveCfg = Release|Any CPU
		{A4F45116-892A-432F-ACF2-CD6602217C97}.Release|Any CPU.Build.0 = Release|Any CPU
	EndGlobalSection
	GlobalSection(SolutionProperties) = preSolution
		HideSolutionNode = FALSE
	EndGlobalSection
	GlobalSection(ExtensibilityGlobals) = postSolution
		SolutionGuid = {3E9D256A-957F-448A-8FE5-A848320FE028}
	EndGlobalSection
EndGlobal
